// !$*UTF8*$!
{
	archiveVersion = 1;
	classes = {
	};
	objectVersion = 50;
	objects = {

/* Begin PBXBuildFile section */
		6D8123642191311E00BBA519 /* AboutViewController.swift in Sources */ = {isa = PBXBuildFile; fileRef = 6D8123632191311E00BBA519 /* AboutViewController.swift */; };
		6D81236C219165A400BBA519 /* bulls_another_eye.html in Resources */ = {isa = PBXBuildFile; fileRef = 6D81236B219165A400BBA519 /* bulls_another_eye.html */; };
		6D81236E21918F1C00BBA519 /* Assets.xcassets in Resources */ = {isa = PBXBuildFile; fileRef = 6D81236D21918F1C00BBA519 /* Assets.xcassets */; };
		6DA2E65421901C05009D4D83 /* AppDelegate.swift in Sources */ = {isa = PBXBuildFile; fileRef = 6DA2E65321901C05009D4D83 /* AppDelegate.swift */; };
		6DA2E65621901C05009D4D83 /* ViewController.swift in Sources */ = {isa = PBXBuildFile; fileRef = 6DA2E65521901C05009D4D83 /* ViewController.swift */; };
		6DA2E65921901C05009D4D83 /* Main.storyboard in Resources */ = {isa = PBXBuildFile; fileRef = 6DA2E65721901C05009D4D83 /* Main.storyboard */; };
/* End PBXBuildFile section */

/* Begin PBXFileReference section */
		6D8123632191311E00BBA519 /* AboutViewController.swift */ = {isa = PBXFileReference; lastKnownFileType = sourcecode.swift; path = AboutViewController.swift; sourceTree = "<group>"; };
		6D81236B219165A400BBA519 /* bulls_another_eye.html */ = {isa = PBXFileReference; fileEncoding = 4; lastKnownFileType = text.html; name = bulls_another_eye.html; path = ../../../../Private/PS/bulls_another_eye.html; sourceTree = "<group>"; };
		6D81236D21918F1C00BBA519 /* Assets.xcassets */ = {isa = PBXFileReference; lastKnownFileType = folder.assetcatalog; path = Assets.xcassets; sourceTree = "<group>"; };
		6DA2E65021901C05009D4D83 /* BullsAnotherEye.app */ = {isa = PBXFileReference; explicitFileType = wrapper.application; includeInIndex = 0; path = BullsAnotherEye.app; sourceTree = BUILT_PRODUCTS_DIR; };
		6DA2E65321901C05009D4D83 /* AppDelegate.swift */ = {isa = PBXFileReference; lastKnownFileType = sourcecode.swift; path = AppDelegate.swift; sourceTree = "<group>"; };
		6DA2E65521901C05009D4D83 /* ViewController.swift */ = {isa = PBXFileReference; lastKnownFileType = sourcecode.swift; path = ViewController.swift; sourceTree = "<group>"; };
		6DA2E65821901C05009D4D83 /* Base */ = {isa = PBXFileReference; lastKnownFileType = file.storyboard; name = Base; path = Base.lproj/Main.storyboard; sourceTree = "<group>"; };
		6DA2E65F21901C07009D4D83 /* Info.plist */ = {isa = PBXFileReference; lastKnownFileType = text.plist.xml; path = Info.plist; sourceTree = "<group>"; };
/* End PBXFileReference section */

/* Begin PBXFrameworksBuildPhase section */
		6DA2E64D21901C05009D4D83 /* Frameworks */ = {
			isa = PBXFrameworksBuildPhase;
			buildActionMask = 2147483647;
			files = (
			);
			runOnlyForDeploymentPostprocessing = 0;
		};
/* End PBXFrameworksBuildPhase section */

/* Begin PBXGroup section */
		6DA2E64721901C05009D4D83 = {
			isa = PBXGroup;
			children = (
				6DA2E65221901C05009D4D83 /* BullsAnotherEye */,
				6DA2E65121901C05009D4D83 /* Products */,
			);
			sourceTree = "<group>";
		};
		6DA2E65121901C05009D4D83 /* Products */ = {
			isa = PBXGroup;
			children = (
				6DA2E65021901C05009D4D83 /* BullsAnotherEye.app */,
			);
			name = Products;
			sourceTree = "<group>";
		};
		6DA2E65221901C05009D4D83 /* BullsAnotherEye */ = {
			isa = PBXGroup;
			children = (
				6D81236D21918F1C00BBA519 /* Assets.xcassets */,
				6D81236B219165A400BBA519 /* bulls_another_eye.html */,
				6DA2E65321901C05009D4D83 /* AppDelegate.swift */,
				6DA2E65521901C05009D4D83 /* ViewController.swift */,
				6DA2E65721901C05009D4D83 /* Main.storyboard */,
				6D8123632191311E00BBA519 /* AboutViewController.swift */,
				6DA2E65F21901C07009D4D83 /* Info.plist */,
			);
			path = BullsAnotherEye;
			sourceTree = "<group>";
		};
/* End PBXGroup section */

/* Begin PBXNativeTarget section */
		6DA2E64F21901C05009D4D83 /* BullsAnotherEye */ = {
			isa = PBXNativeTarget;
			buildConfigurationList = 6DA2E66221901C07009D4D83 /* Build configuration list for PBXNativeTarget "BullsAnotherEye" */;
			buildPhases = (
				6DA2E64C21901C05009D4D83 /* Sources */,
				6DA2E64D21901C05009D4D83 /* Frameworks */,
				6DA2E64E21901C05009D4D83 /* Resources */,
			);
			buildRules = (
			);
			dependencies = (
			);
			name = BullsAnotherEye;
			productName = BullsAnotherEye;
			productReference = 6DA2E65021901C05009D4D83 /* BullsAnotherEye.app */;
			productType = "com.apple.product-type.application";
		};
/* End PBXNativeTarget section */

/* Begin PBXProject section */
		6DA2E64821901C05009D4D83 /* Project object */ = {
			isa = PBXProject;
			attributes = {
				LastSwiftUpdateCheck = 0930;
				LastUpgradeCheck = 0930;
				ORGANIZATIONNAME = "李大伟";
				TargetAttributes = {
					6DA2E64F21901C05009D4D83 = {
						CreatedOnToolsVersion = 9.3;
						LastSwiftMigration = 1010;
					};
				};
			};
			buildConfigurationList = 6DA2E64B21901C05009D4D83 /* Build configuration list for PBXProject "BullsAnotherEye" */;
			compatibilityVersion = "Xcode 9.3";
			developmentRegion = en;
			hasScannedForEncodings = 0;
			knownRegions = (
				en,
				Base,
			);
			mainGroup = 6DA2E64721901C05009D4D83;
			productRefGroup = 6DA2E65121901C05009D4D83 /* Products */;
			projectDirPath = "";
			projectRoot = "";
			targets = (
				6DA2E64F21901C05009D4D83 /* BullsAnotherEye */,
			);
		};
/* End PBXProject section */

/* Begin PBXResourcesBuildPhase section */
		6DA2E64E21901C05009D4D83 /* Resources */ = {
			isa = PBXResourcesBuildPhase;
			buildActionMask = 2147483647;
			files = (
				6D81236C219165A400BBA519 /* bulls_another_eye.html in Resources */,
				6D81236E21918F1C00BBA519 /* Assets.xcassets in Resources */,
				6DA2E65921901C05009D4D83 /* Main.storyboard in Resources */,
			);
			runOnlyForDeploymentPostprocessing = 0;
		};
/* End PBXResourcesBuildPhase section */

/* Begin PBXSourcesBuildPhase section */
		6DA2E64C21901C05009D4D83 /* Sources */ = {
			isa = PBXSourcesBuildPhase;
			buildActionMask = 2147483647;
			files = (
				6D8123642191311E00BBA519 /* AboutViewController.swift in Sources */,
				6DA2E65621901C05009D4D83 /* ViewController.swift in Sources */,
				6DA2E65421901C05009D4D83 /* AppDelegate.swift in Sources */,
			);
			runOnlyForDeploymentPostprocessing = 0;
		};
/* End PBXSourcesBuildPhase section */

/* Begin PBXVariantGroup section */
		6DA2E65721901C05009D4D83 /* Main.storyboard */ = {
			isa = PBXVariantGroup;
			children = (
				6DA2E65821901C05009D4D83 /* Base */,
			);
			name = Main.storyboard;
			sourceTree = "<group>";
		};
/* End PBXVariantGroup section */

/* Begin XCBuildConfiguration section */
		6DA2E66021901C07009D4D83 /* Debug */ = {
			isa = XCBuildConfiguration;
			buildSettings = {
				ALWAYS_SEARCH_USER_PATHS = NO;
				CLANG_ANALYZER_NONNULL = YES;
				CLANG_ANALYZER_NUMBER_OBJECT_CONVERSION = YES_AGGRESSIVE;
				CLANG_CXX_LANGUAGE_STANDARD = "gnu++14";
				CLANG_CXX_LIBRARY = "libc++";
				CLANG_ENABLE_MODULES = YES;
				CLANG_ENABLE_OBJC_ARC = YES;
				CLANG_ENABLE_OBJC_WEAK = YES;
				CLANG_WARN_BLOCK_CAPTURE_AUTORELEASING = YES;
				CLANG_WARN_BOOL_CONVERSION = YES;
				CLANG_WARN_COMMA = YES;
				CLANG_WARN_CONSTANT_CONVERSION = YES;
				CLANG_WARN_DEPRECATED_OBJC_IMPLEMENTATIONS = YES;
				CLANG_WARN_DIRECT_OBJC_ISA_USAGE = YES_ERROR;
				CLANG_WARN_DOCUMENTATION_COMMENTS = YES;
				CLANG_WARN_EMPTY_BODY = YES;
				CLANG_WARN_ENUM_CONVERSION = YES;
				CLANG_WARN_INFINITE_RECURSION = YES;
				CLANG_WARN_INT_CONVERSION = YES;
				CLANG_WARN_NON_LITERAL_NULL_CONVERSION = YES;
				CLANG_WARN_OBJC_IMPLICIT_RETAIN_SELF = YES;
				CLANG_WARN_OBJC_LITERAL_CONVERSION = YES;
				CLANG_WARN_OBJC_ROOT_CLASS = YES_ERROR;
				CLANG_WARN_RANGE_LOOP_ANALYSIS = YES;
				CLANG_WARN_STRICT_PROTOTYPES = YES;
				CLANG_WARN_SUSPICIOUS_MOVE = YES;
				CLANG_WARN_UNGUARDED_AVAILABILITY = YES_AGGRESSIVE;
				CLANG_WARN_UNREACHABLE_CODE = YES;
				CLANG_WARN__DUPLICATE_METHOD_MATCH = YES;
				CODE_SIGN_IDENTITY = "iPhone Developer";
				COPY_PHASE_STRIP = NO;
				DEBUG_INFORMATION_FORMAT = dwarf;
				ENABLE_STRICT_OBJC_MSGSEND = YES;
				ENABLE_TESTABILITY = YES;
				GCC_C_LANGUAGE_STANDARD = gnu11;
				GCC_DYNAMIC_NO_PIC = NO;
				GCC_NO_COMMON_BLOCKS = YES;
				GCC_OPTIMIZATION_LEVEL = 0;
				GCC_PREPROCESSOR_DEFINITIONS = (
					"DEBUG=1",
					"$(inherited)",
				);
				GCC_WARN_64_TO_32_BIT_CONVERSION = YES;
				GCC_WARN_ABOUT_RETURN_TYPE = YES_ERROR;
				GCC_WARN_UNDECLARED_SELECTOR = YES;
				GCC_WARN_UNINITIALIZED_AUTOS = YES_AGGRESSIVE;
				GCC_WARN_UNUSED_FUNCTION = YES;
				GCC_WARN_UNUSED_VARIABLE = YES;
				IPHONEOS_DEPLOYMENT_TARGET = 11.3;
				MTL_ENABLE_DEBUG_INFO = YES;
				ONLY_ACTIVE_ARCH = YES;
				SDKROOT = iphoneos;
				SWIFT_ACTIVE_COMPILATION_CONDITIONS = DEBUG;
				SWIFT_OPTIMIZATION_LEVEL = "-Onone";
			};
			name = Debug;
		};
		6DA2E66121901C07009D4D83 /* Release */ = {
			isa = XCBuildConfiguration;
			buildSettings = {
				ALWAYS_SEARCH_USER_PATHS = NO;
				CLANG_ANALYZER_NONNULL = YES;
				CLANG_ANALYZER_NUMBER_OBJECT_CONVERSION = YES_AGGRESSIVE;
				CLANG_CXX_LANGUAGE_STANDARD = "gnu++14";
				CLANG_CXX_LIBRARY = "libc++";
				CLANG_ENABLE_MODULES = YES;
				CLANG_ENABLE_OBJC_ARC = YES;
				CLANG_ENABLE_OBJC_WEAK = YES;
				CLANG_WARN_BLOCK_CAPTURE_AUTORELEASING = YES;
				CLANG_WARN_BOOL_CONVERSION = YES;
				CLANG_WARN_COMMA = YES;
				CLANG_WARN_CONSTANT_CONVERSION = YES;
				CLANG_WARN_DEPRECATED_OBJC_IMPLEMENTATIONS = YES;
				CLANG_WARN_DIRECT_OBJC_ISA_USAGE = YES_ERROR;
				CLANG_WARN_DOCUMENTATION_COMMENTS = YES;
				CLANG_WARN_EMPTY_BODY = YES;
				CLANG_WARN_ENUM_CONVERSION = YES;
				CLANG_WARN_INFINITE_RECURSION = YES;
				CLANG_WARN_INT_CONVERSION = YES;
				CLANG_WARN_NON_LITERAL_NULL_CONVERSION = YES;
				CLANG_WARN_OBJC_IMPLICIT_RETAIN_SELF = YES;
				CLANG_WARN_OBJC_LITERAL_CONVERSION = YES;
				CLANG_WARN_OBJC_ROOT_CLASS = YES_ERROR;
				CLANG_WARN_RANGE_LOOP_ANALYSIS = YES;
				CLANG_WARN_STRICT_PROTOTYPES = YES;
				CLANG_WARN_SUSPICIOUS_MOVE = YES;
				CLANG_WARN_UNGUARDED_AVAILABILITY = YES_AGGRESSIVE;
				CLANG_WARN_UNREACHABLE_CODE = YES;
				CLANG_WARN__DUPLICATE_METHOD_MATCH = YES;
				CODE_SIGN_IDENTITY = "iPhone Developer";
				COPY_PHASE_STRIP = NO;
				DEBUG_INFORMATION_FORMAT = "dwarf-with-dsym";
				ENABLE_NS_ASSERTIONS = NO;
				ENABLE_STRICT_OBJC_MSGSEND = YES;
				GCC_C_LANGUAGE_STANDARD = gnu11;
				GCC_NO_COMMON_BLOCKS = YES;
				GCC_WARN_64_TO_32_BIT_CONVERSION = YES;
				GCC_WARN_ABOUT_RETURN_TYPE = YES_ERROR;
				GCC_WARN_UNDECLARED_SELECTOR = YES;
				GCC_WARN_UNINITIALIZED_AUTOS = YES_AGGRESSIVE;
				GCC_WARN_UNUSED_FUNCTION = YES;
				GCC_WARN_UNUSED_VARIABLE = YES;
				IPHONEOS_DEPLOYMENT_TARGET = 11.3;
				MTL_ENABLE_DEBUG_INFO = NO;
				SDKROOT = iphoneos;
				SWIFT_COMPILATION_MODE = wholemodule;
				SWIFT_OPTIMIZATION_LEVEL = "-O";
				VALIDATE_PRODUCT = YES;
			};
			name = Release;
		};
		6DA2E66321901C07009D4D83 /* Debug */ = {
			isa = XCBuildConfiguration;
			buildSettings = {
				ASSETCATALOG_COMPILER_APPICON_NAME = AppIcon;
				CODE_SIGN_STYLE = Automatic;
				DEVELOPMENT_TEAM = 29LX4APK8S;
				INFOPLIST_FILE = BullsAnotherEye/Info.plist;
				LD_RUNPATH_SEARCH_PATHS = (
					"$(inherited)",
					"@executable_path/Frameworks",
				);
				PRODUCT_BUNDLE_IDENTIFIER = "-07676926.BullsAnotherEye";
				PRODUCT_NAME = "$(TARGET_NAME)";
				SWIFT_VERSION = 4.2;
				TARGETED_DEVICE_FAMILY = 1;
			};
			name = Debug;
		};
		6DA2E66421901C07009D4D83 /* Release */ = {
			isa = XCBuildConfiguration;
			buildSettings = {
				ASSETCATALOG_COMPILER_APPICON_NAME = AppIcon;
				CODE_SIGN_STYLE = Automatic;
				DEVELOPMENT_TEAM = 29LX4APK8S;
				INFOPLIST_FILE = BullsAnotherEye/Info.plist;
				LD_RUNPATH_SEARCH_PATHS = (
					"$(inherited)",
					"@executable_path/Frameworks",
				);
				PRODUCT_BUNDLE_IDENTIFIER = "-07676926.BullsAnotherEye";
				PRODUCT_NAME = "$(TARGET_NAME)";
				SWIFT_VERSION = 4.2;
				TARGETED_DEVICE_FAMILY = 1;
			};
			name = Release;
		};
/* End XCBuildConfiguration section */

/* Begin XCConfigurationList section */
		6DA2E64B21901C05009D4D83 /* Build configuration list for PBXProject "BullsAnotherEye" */ = {
			isa = XCConfigurationList;
			buildConfigurations = (
				6DA2E66021901C07009D4D83 /* Debug */,
				6DA2E66121901C07009D4D83 /* Release */,
			);
			defaultConfigurationIsVisible = 0;
			defaultConfigurationName = Release;
		};
		6DA2E66221901C07009D4D83 /* Build configuration list for PBXNativeTarget "BullsAnotherEye" */ = {
			isa = XCConfigurationList;
			buildConfigurations = (
				6DA2E66321901C07009D4D83 /* Debug */,
				6DA2E66421901C07009D4D83 /* Release */,
			);
			defaultConfigurationIsVisible = 0;
			defaultConfigurationName = Release;
		};
/* End XCConfigurationList section */
	};
	rootObject = 6DA2E64821901C05009D4D83 /* Project object */;
}
